
Microsoft Visual Studio Solution File, Format Version 12.00
# Visual Studio 15
VisualStudioVersion = 15.0.27130.2026
MinimumVisualStudioVersion = 10.0.40219.1
Project("{8BC9CEB8-8B4A-11D0-8D11-00A0C91BC942}") = "WitnessCamera", "WitnessCamera\WitnessCamera.vcxproj", "{6C101E0A-32B2-4A7F-B094-0D651F9A7B15}"
EndProject
Project("{2150E333-8FDC-42A3-9474-1A3956D46DE8}") = "ThirdParty", "ThirdParty", "{1697CDDA-CB46-40B3-BC64-8000071B93E2}"
EndProject
Project("{8BC9CEB8-8B4A-11D0-8D11-00A0C91BC942}") = "BGSLibraryWrapper", "ThirdParty\BGSLibraryWrapper\BGSLibraryWrapper.vcxproj", "{F959AFD2-FB12-4EBB-A8EE-F15DFAD244CD}"
EndProject
Project("{8BC9CEB8-8B4A-11D0-8D11-00A0C91BC942}") = "WitnessServer", "WitnessServer\WitnessServer.vcxproj", "{679FA6BA-AEB9-43C0-8C92-731DC3DE43F1}"
EndProject
Global
	GlobalSection(SolutionConfigurationPlatforms) = preSolution
		Debug|x64 = Debug|x64
		Release|x64 = Release|x64
	EndGlobalSection
	GlobalSection(ProjectConfigurationPlatforms) = postSolution
		{6C101E0A-32B2-4A7F-B094-0D651F9A7B15}.Debug|x64.ActiveCfg = Debug|x64
		{6C101E0A-32B2-4A7F-B094-0D651F9A7B15}.Debug|x64.Build.0 = Debug|x64
		{6C101E0A-32B2-4A7F-B094-0D651F9A7B15}.Release|x64.ActiveCfg = Release|x64
		{6C101E0A-32B2-4A7F-B094-0D651F9A7B15}.Release|x64.Build.0 = Release|x64
		{F959AFD2-FB12-4EBB-A8EE-F15DFAD244CD}.Debug|x64.ActiveCfg = Debug|x64
		{F959AFD2-FB12-4EBB-A8EE-F15DFAD244CD}.Debug|x64.Build.0 = Debug|x64
		{F959AFD2-FB12-4EBB-A8EE-F15DFAD244CD}.Release|x64.ActiveCfg = Release|x64
		{F959AFD2-FB12-4EBB-A8EE-F15DFAD244CD}.Release|x64.Build.0 = Release|x64
		{679FA6BA-AEB9-43C0-8C92-731DC3DE43F1}.Debug|x64.ActiveCfg = Debug|x64
		{679FA6BA-AEB9-43C0-8C92-731DC3DE43F1}.Debug|x64.Build.0 = Debug|x64
		{679FA6BA-AEB9-43C0-8C92-731DC3DE43F1}.Release|x64.ActiveCfg = Release|x64
		{679FA6BA-AEB9-43C0-8C92-731DC3DE43F1}.Release|x64.Build.0 = Release|x64
	EndGlobalSection
	GlobalSection(SolutionProperties) = preSolution
		HideSolutionNode = FALSE
	EndGlobalSection
	GlobalSection(NestedProjects) = preSolution
		{F959AFD2-FB12-4EBB-A8EE-F15DFAD244CD} = {1697CDDA-CB46-40B3-BC64-8000071B93E2}
	EndGlobalSection
	GlobalSection(ExtensibilityGlobals) = postSolution
		SolutionGuid = {FA13112F-1D83-4B6D-9803-7F455B6660BB}
	EndGlobalSection
	GlobalSection(Performance) = preSolution
		HasPerformanceSessions = true
	EndGlobalSection
EndGlobal
